// !$*UTF8*$!
{
	archiveVersion = 1;
	classes = {
	};
	objectVersion = 51;
	objects = {

/* Begin PBXBuildFile section */
		6304DB5C23F21B8F00BB466A /* SetupControllerTest.swift in Sources */ = {isa = PBXBuildFile; fileRef = 6304DB5B23F21B8F00BB466A /* SetupControllerTest.swift */; };
		6304DB5E23F21BD500BB466A /* SetupBuilderTest.swift in Sources */ = {isa = PBXBuildFile; fileRef = 6304DB5D23F21BD500BB466A /* SetupBuilderTest.swift */; };
		6304DB6023F21BE200BB466A /* SetupViewModelTest.swift in Sources */ = {isa = PBXBuildFile; fileRef = 6304DB5F23F21BE200BB466A /* SetupViewModelTest.swift */; };
		6304DB6223F21E5E00BB466A /* Stubs.swift in Sources */ = {isa = PBXBuildFile; fileRef = 6304DB6123F21E5E00BB466A /* Stubs.swift */; };
		6304DB6423F21F2900BB466A /* SetupControllerMock.swift in Sources */ = {isa = PBXBuildFile; fileRef = 6304DB6323F21F2900BB466A /* SetupControllerMock.swift */; };
		6304DB6623F2302F00BB466A /* AccountControllerTest.swift in Sources */ = {isa = PBXBuildFile; fileRef = 6304DB6523F2302F00BB466A /* AccountControllerTest.swift */; };
		6304DB6823F2303D00BB466A /* AccountBuilerTest.swift in Sources */ = {isa = PBXBuildFile; fileRef = 6304DB6723F2303D00BB466A /* AccountBuilerTest.swift */; };
		6304DB6A23F2304D00BB466A /* AccountViewModelTest.swift in Sources */ = {isa = PBXBuildFile; fileRef = 6304DB6923F2304D00BB466A /* AccountViewModelTest.swift */; };
		6304DB6C23F2306000BB466A /* AccountControllerMock.swift in Sources */ = {isa = PBXBuildFile; fileRef = 6304DB6B23F2306000BB466A /* AccountControllerMock.swift */; };
		6304DB7023F2307F00BB466A /* SigningControllerTest.swift in Sources */ = {isa = PBXBuildFile; fileRef = 6304DB6D23F2307F00BB466A /* SigningControllerTest.swift */; };
		6304DB7123F2307F00BB466A /* SigningBuilderTest.swift in Sources */ = {isa = PBXBuildFile; fileRef = 6304DB6E23F2307F00BB466A /* SigningBuilderTest.swift */; };
		6304DB7223F2307F00BB466A /* SigningViewModelTest.swift in Sources */ = {isa = PBXBuildFile; fileRef = 6304DB6F23F2307F00BB466A /* SigningViewModelTest.swift */; };
		6304DB7423F2312900BB466A /* SigningControllerMock.swift in Sources */ = {isa = PBXBuildFile; fileRef = 6304DB7323F2312900BB466A /* SigningControllerMock.swift */; };
		637CBEB223F0DC24002267E3 /* Alert.swift in Sources */ = {isa = PBXBuildFile; fileRef = 637CBEB123F0DC24002267E3 /* Alert.swift */; };
		637CBEB423F0EEA2002267E3 /* Reachability.swift in Sources */ = {isa = PBXBuildFile; fileRef = 637CBEB323F0EEA2002267E3 /* Reachability.swift */; };
		638A5C2C23EDF82C00FEF8E0 /* AppDelegate.swift in Sources */ = {isa = PBXBuildFile; fileRef = 638A5C2B23EDF82C00FEF8E0 /* AppDelegate.swift */; };
		638A5C2E23EDF82C00FEF8E0 /* SceneDelegate.swift in Sources */ = {isa = PBXBuildFile; fileRef = 638A5C2D23EDF82C00FEF8E0 /* SceneDelegate.swift */; };
		638A5C3323EDF82C00FEF8E0 /* Main.storyboard in Resources */ = {isa = PBXBuildFile; fileRef = 638A5C3123EDF82C00FEF8E0 /* Main.storyboard */; };
		638A5C3523EDF82D00FEF8E0 /* Assets.xcassets in Resources */ = {isa = PBXBuildFile; fileRef = 638A5C3423EDF82D00FEF8E0 /* Assets.xcassets */; };
		638A5C3823EDF82D00FEF8E0 /* LaunchScreen.storyboard in Resources */ = {isa = PBXBuildFile; fileRef = 638A5C3623EDF82D00FEF8E0 /* LaunchScreen.storyboard */; };
		638A5C6923EDFEFC00FEF8E0 /* QRScannerViewController.swift in Sources */ = {isa = PBXBuildFile; fileRef = 638A5C6623EDFEFC00FEF8E0 /* QRScannerViewController.swift */; };
		638A5C6A23EDFEFC00FEF8E0 /* QRScannerBuilder.swift in Sources */ = {isa = PBXBuildFile; fileRef = 638A5C6723EDFEFC00FEF8E0 /* QRScannerBuilder.swift */; };
		638A5C6B23EDFEFC00FEF8E0 /* QRScannerViewModel.swift in Sources */ = {isa = PBXBuildFile; fileRef = 638A5C6823EDFEFC00FEF8E0 /* QRScannerViewModel.swift */; };
		638A5C6F23EDFF0D00FEF8E0 /* VerificationViewController.swift in Sources */ = {isa = PBXBuildFile; fileRef = 638A5C6C23EDFF0D00FEF8E0 /* VerificationViewController.swift */; };
		638A5C7023EDFF0D00FEF8E0 /* VerificationBuilder.swift in Sources */ = {isa = PBXBuildFile; fileRef = 638A5C6D23EDFF0D00FEF8E0 /* VerificationBuilder.swift */; };
		638A5C7123EDFF0D00FEF8E0 /* VerificationViewModel.swift in Sources */ = {isa = PBXBuildFile; fileRef = 638A5C6E23EDFF0D00FEF8E0 /* VerificationViewModel.swift */; };
		638A5C7523EDFF1500FEF8E0 /* SignatureViewController.swift in Sources */ = {isa = PBXBuildFile; fileRef = 638A5C7223EDFF1500FEF8E0 /* SignatureViewController.swift */; };
		638A5C7623EDFF1500FEF8E0 /* SignatureBuilder.swift in Sources */ = {isa = PBXBuildFile; fileRef = 638A5C7323EDFF1500FEF8E0 /* SignatureBuilder.swift */; };
		638A5C7723EDFF1500FEF8E0 /* SignatureViewModel.swift in Sources */ = {isa = PBXBuildFile; fileRef = 638A5C7423EDFF1500FEF8E0 /* SignatureViewModel.swift */; };
		638A5C7C23EDFF2600FEF8E0 /* SigningViewController.swift in Sources */ = {isa = PBXBuildFile; fileRef = 638A5C7923EDFF2600FEF8E0 /* SigningViewController.swift */; };
		638A5C7D23EDFF2600FEF8E0 /* SigningBuilder.swift in Sources */ = {isa = PBXBuildFile; fileRef = 638A5C7A23EDFF2600FEF8E0 /* SigningBuilder.swift */; };
		638A5C7E23EDFF2600FEF8E0 /* SigningViewModel.swift in Sources */ = {isa = PBXBuildFile; fileRef = 638A5C7B23EDFF2600FEF8E0 /* SigningViewModel.swift */; };
		638A5C8223EDFF3000FEF8E0 /* AccountViewController.swift in Sources */ = {isa = PBXBuildFile; fileRef = 638A5C7F23EDFF3000FEF8E0 /* AccountViewController.swift */; };
		638A5C8323EDFF3000FEF8E0 /* AccountBuilder.swift in Sources */ = {isa = PBXBuildFile; fileRef = 638A5C8023EDFF3000FEF8E0 /* AccountBuilder.swift */; };
		638A5C8423EDFF3000FEF8E0 /* AccountViewModel.swift in Sources */ = {isa = PBXBuildFile; fileRef = 638A5C8123EDFF3000FEF8E0 /* AccountViewModel.swift */; };
		638A5C8823EDFF3900FEF8E0 /* SetupViewController.swift in Sources */ = {isa = PBXBuildFile; fileRef = 638A5C8523EDFF3900FEF8E0 /* SetupViewController.swift */; };
		638A5C8923EDFF3900FEF8E0 /* SetupBuilder.swift in Sources */ = {isa = PBXBuildFile; fileRef = 638A5C8623EDFF3900FEF8E0 /* SetupBuilder.swift */; };
		638A5C8A23EDFF3900FEF8E0 /* SetupViewModel.swift in Sources */ = {isa = PBXBuildFile; fileRef = 638A5C8723EDFF3900FEF8E0 /* SetupViewModel.swift */; };
		638A5C9E23EDFFE600FEF8E0 /* Utility.swift in Sources */ = {isa = PBXBuildFile; fileRef = 638A5C9D23EDFFE600FEF8E0 /* Utility.swift */; };
		638A5CA023EDFFEE00FEF8E0 /* Constants.swift in Sources */ = {isa = PBXBuildFile; fileRef = 638A5C9F23EDFFEE00FEF8E0 /* Constants.swift */; };
		638A5CA623EE071500FEF8E0 /* BaseUITextfield.swift in Sources */ = {isa = PBXBuildFile; fileRef = 638A5CA523EE071500FEF8E0 /* BaseUITextfield.swift */; };
		638A5CA823EE079800FEF8E0 /* UIColor+Hex.swift in Sources */ = {isa = PBXBuildFile; fileRef = 638A5CA723EE079800FEF8E0 /* UIColor+Hex.swift */; };
		638A5CAA23EE0CC100FEF8E0 /* Enums.swift in Sources */ = {isa = PBXBuildFile; fileRef = 638A5CA923EE0CC100FEF8E0 /* Enums.swift */; };
		638A5CAC23EE263600FEF8E0 /* BaseNavigationViewController.swift in Sources */ = {isa = PBXBuildFile; fileRef = 638A5CAB23EE263600FEF8E0 /* BaseNavigationViewController.swift */; };
		638A5CAE23EE321D00FEF8E0 /* UINavigation.swift in Sources */ = {isa = PBXBuildFile; fileRef = 638A5CAD23EE321D00FEF8E0 /* UINavigation.swift */; };
		638A5CB123EEE66500FEF8E0 /* Wallet.swift in Sources */ = {isa = PBXBuildFile; fileRef = 638A5CB023EEE66500FEF8E0 /* Wallet.swift */; };
		638A5CB423EF1D4E00FEF8E0 /* QRScannerView.swift in Sources */ = {isa = PBXBuildFile; fileRef = 638A5CB323EF1D4E00FEF8E0 /* QRScannerView.swift */; };
		6394DCCA23F597EF00DB7179 /* BaseRepository.swift in Sources */ = {isa = PBXBuildFile; fileRef = 6394DCC923F597EF00DB7179 /* BaseRepository.swift */; };
		6394DCCD23F5990500DB7179 /* BalanceRepo.swift in Sources */ = {isa = PBXBuildFile; fileRef = 6394DCCC23F5990500DB7179 /* BalanceRepo.swift */; };
		6394DCCF23F5998000DB7179 /* BalanceRepoImplementation.swift in Sources */ = {isa = PBXBuildFile; fileRef = 6394DCCE23F5998000DB7179 /* BalanceRepoImplementation.swift */; };
		6394DCD123F5A5EB00DB7179 /* Balance.swift in Sources */ = {isa = PBXBuildFile; fileRef = 6394DCD023F5A5EB00DB7179 /* Balance.swift */; };
		8C7791CF7AA67EE0C2071AD6 /* Pods_EthSampleAppTests.framework in Frameworks */ = {isa = PBXBuildFile; fileRef = D06B03447302743C9B9E3A21 /* Pods_EthSampleAppTests.framework */; };
		FB359B822DB09815400B8D1C /* Pods_EthSampleApp.framework in Frameworks */ = {isa = PBXBuildFile; fileRef = B9FC402060EE12342B3C96E0 /* Pods_EthSampleApp.framework */; };
/* End PBXBuildFile section */

/* Begin PBXContainerItemProxy section */
		638A5C3F23EDF82D00FEF8E0 /* PBXContainerItemProxy */ = {
			isa = PBXContainerItemProxy;
			containerPortal = 638A5C2023EDF82C00FEF8E0 /* Project object */;
			proxyType = 1;
			remoteGlobalIDString = 638A5C2723EDF82C00FEF8E0;
			remoteInfo = EthSampleApp;
		};
/* End PBXContainerItemProxy section */

/* Begin PBXFileReference section */
		0F02C6BAE4A7FAEDF6A1F1EA /* Pods-EthSampleApp.release.xcconfig */ = {isa = PBXFileReference; includeInIndex = 1; lastKnownFileType = text.xcconfig; name = "Pods-EthSampleApp.release.xcconfig"; path = "Target Support Files/Pods-EthSampleApp/Pods-EthSampleApp.release.xcconfig"; sourceTree = "<group>"; };
		4BEA79B9B80792188BCB1B3A /* Pods-EthSampleAppTests.release.xcconfig */ = {isa = PBXFileReference; includeInIndex = 1; lastKnownFileType = text.xcconfig; name = "Pods-EthSampleAppTests.release.xcconfig"; path = "Target Support Files/Pods-EthSampleAppTests/Pods-EthSampleAppTests.release.xcconfig"; sourceTree = "<group>"; };
		6304DB5B23F21B8F00BB466A /* SetupControllerTest.swift */ = {isa = PBXFileReference; lastKnownFileType = sourcecode.swift; path = SetupControllerTest.swift; sourceTree = "<group>"; };
		6304DB5D23F21BD500BB466A /* SetupBuilderTest.swift */ = {isa = PBXFileReference; lastKnownFileType = sourcecode.swift; path = SetupBuilderTest.swift; sourceTree = "<group>"; };
		6304DB5F23F21BE200BB466A /* SetupViewModelTest.swift */ = {isa = PBXFileReference; lastKnownFileType = sourcecode.swift; path = SetupViewModelTest.swift; sourceTree = "<group>"; };
		6304DB6123F21E5E00BB466A /* Stubs.swift */ = {isa = PBXFileReference; lastKnownFileType = sourcecode.swift; path = Stubs.swift; sourceTree = "<group>"; };
		6304DB6323F21F2900BB466A /* SetupControllerMock.swift */ = {isa = PBXFileReference; lastKnownFileType = sourcecode.swift; path = SetupControllerMock.swift; sourceTree = "<group>"; };
		6304DB6523F2302F00BB466A /* AccountControllerTest.swift */ = {isa = PBXFileReference; lastKnownFileType = sourcecode.swift; path = AccountControllerTest.swift; sourceTree = "<group>"; };
		6304DB6723F2303D00BB466A /* AccountBuilerTest.swift */ = {isa = PBXFileReference; lastKnownFileType = sourcecode.swift; path = AccountBuilerTest.swift; sourceTree = "<group>"; };
		6304DB6923F2304D00BB466A /* AccountViewModelTest.swift */ = {isa = PBXFileReference; lastKnownFileType = sourcecode.swift; path = AccountViewModelTest.swift; sourceTree = "<group>"; };
		6304DB6B23F2306000BB466A /* AccountControllerMock.swift */ = {isa = PBXFileReference; lastKnownFileType = sourcecode.swift; path = AccountControllerMock.swift; sourceTree = "<group>"; };
		6304DB6D23F2307F00BB466A /* SigningControllerTest.swift */ = {isa = PBXFileReference; lastKnownFileType = sourcecode.swift; path = SigningControllerTest.swift; sourceTree = "<group>"; };
		6304DB6E23F2307F00BB466A /* SigningBuilderTest.swift */ = {isa = PBXFileReference; lastKnownFileType = sourcecode.swift; path = SigningBuilderTest.swift; sourceTree = "<group>"; };
		6304DB6F23F2307F00BB466A /* SigningViewModelTest.swift */ = {isa = PBXFileReference; lastKnownFileType = sourcecode.swift; path = SigningViewModelTest.swift; sourceTree = "<group>"; };
		6304DB7323F2312900BB466A /* SigningControllerMock.swift */ = {isa = PBXFileReference; lastKnownFileType = sourcecode.swift; path = SigningControllerMock.swift; sourceTree = "<group>"; };
		637CBEB123F0DC24002267E3 /* Alert.swift */ = {isa = PBXFileReference; lastKnownFileType = sourcecode.swift; path = Alert.swift; sourceTree = "<group>"; };
		637CBEB323F0EEA2002267E3 /* Reachability.swift */ = {isa = PBXFileReference; lastKnownFileType = sourcecode.swift; path = Reachability.swift; sourceTree = "<group>"; };
		638A5C2823EDF82C00FEF8E0 /* EthSampleApp.app */ = {isa = PBXFileReference; explicitFileType = wrapper.application; includeInIndex = 0; path = EthSampleApp.app; sourceTree = BUILT_PRODUCTS_DIR; };
		638A5C2B23EDF82C00FEF8E0 /* AppDelegate.swift */ = {isa = PBXFileReference; lastKnownFileType = sourcecode.swift; path = AppDelegate.swift; sourceTree = "<group>"; };
		638A5C2D23EDF82C00FEF8E0 /* SceneDelegate.swift */ = {isa = PBXFileReference; lastKnownFileType = sourcecode.swift; path = SceneDelegate.swift; sourceTree = "<group>"; };
		638A5C3223EDF82C00FEF8E0 /* Base */ = {isa = PBXFileReference; lastKnownFileType = file.storyboard; name = Base; path = Base.lproj/Main.storyboard; sourceTree = "<group>"; };
		638A5C3423EDF82D00FEF8E0 /* Assets.xcassets */ = {isa = PBXFileReference; lastKnownFileType = folder.assetcatalog; path = Assets.xcassets; sourceTree = "<group>"; };
		638A5C3723EDF82D00FEF8E0 /* Base */ = {isa = PBXFileReference; lastKnownFileType = file.storyboard; name = Base; path = Base.lproj/LaunchScreen.storyboard; sourceTree = "<group>"; };
		638A5C3923EDF82D00FEF8E0 /* Info.plist */ = {isa = PBXFileReference; lastKnownFileType = text.plist.xml; path = Info.plist; sourceTree = "<group>"; };
		638A5C3E23EDF82D00FEF8E0 /* EthSampleAppTests.xctest */ = {isa = PBXFileReference; explicitFileType = wrapper.cfbundle; includeInIndex = 0; path = EthSampleAppTests.xctest; sourceTree = BUILT_PRODUCTS_DIR; };
		638A5C4423EDF82D00FEF8E0 /* Info.plist */ = {isa = PBXFileReference; lastKnownFileType = text.plist.xml; path = Info.plist; sourceTree = "<group>"; };
		638A5C6623EDFEFC00FEF8E0 /* QRScannerViewController.swift */ = {isa = PBXFileReference; lastKnownFileType = sourcecode.swift; path = QRScannerViewController.swift; sourceTree = "<group>"; };
		638A5C6723EDFEFC00FEF8E0 /* QRScannerBuilder.swift */ = {isa = PBXFileReference; lastKnownFileType = sourcecode.swift; path = QRScannerBuilder.swift; sourceTree = "<group>"; };
		638A5C6823EDFEFC00FEF8E0 /* QRScannerViewModel.swift */ = {isa = PBXFileReference; lastKnownFileType = sourcecode.swift; path = QRScannerViewModel.swift; sourceTree = "<group>"; };
		638A5C6C23EDFF0D00FEF8E0 /* VerificationViewController.swift */ = {isa = PBXFileReference; lastKnownFileType = sourcecode.swift; path = VerificationViewController.swift; sourceTree = "<group>"; };
		638A5C6D23EDFF0D00FEF8E0 /* VerificationBuilder.swift */ = {isa = PBXFileReference; lastKnownFileType = sourcecode.swift; path = VerificationBuilder.swift; sourceTree = "<group>"; };
		638A5C6E23EDFF0D00FEF8E0 /* VerificationViewModel.swift */ = {isa = PBXFileReference; lastKnownFileType = sourcecode.swift; path = VerificationViewModel.swift; sourceTree = "<group>"; };
		638A5C7223EDFF1500FEF8E0 /* SignatureViewController.swift */ = {isa = PBXFileReference; lastKnownFileType = sourcecode.swift; path = SignatureViewController.swift; sourceTree = "<group>"; };
		638A5C7323EDFF1500FEF8E0 /* SignatureBuilder.swift */ = {isa = PBXFileReference; lastKnownFileType = sourcecode.swift; path = SignatureBuilder.swift; sourceTree = "<group>"; };
		638A5C7423EDFF1500FEF8E0 /* SignatureViewModel.swift */ = {isa = PBXFileReference; lastKnownFileType = sourcecode.swift; path = SignatureViewModel.swift; sourceTree = "<group>"; };
		638A5C7923EDFF2600FEF8E0 /* SigningViewController.swift */ = {isa = PBXFileReference; lastKnownFileType = sourcecode.swift; path = SigningViewController.swift; sourceTree = "<group>"; };
		638A5C7A23EDFF2600FEF8E0 /* SigningBuilder.swift */ = {isa = PBXFileReference; lastKnownFileType = sourcecode.swift; path = SigningBuilder.swift; sourceTree = "<group>"; };
		638A5C7B23EDFF2600FEF8E0 /* SigningViewModel.swift */ = {isa = PBXFileReference; lastKnownFileType = sourcecode.swift; path = SigningViewModel.swift; sourceTree = "<group>"; };
		638A5C7F23EDFF3000FEF8E0 /* AccountViewController.swift */ = {isa = PBXFileReference; lastKnownFileType = sourcecode.swift; path = AccountViewController.swift; sourceTree = "<group>"; };
		638A5C8023EDFF3000FEF8E0 /* AccountBuilder.swift */ = {isa = PBXFileReference; lastKnownFileType = sourcecode.swift; path = AccountBuilder.swift; sourceTree = "<group>"; };
		638A5C8123EDFF3000FEF8E0 /* AccountViewModel.swift */ = {isa = PBXFileReference; lastKnownFileType = sourcecode.swift; path = AccountViewModel.swift; sourceTree = "<group>"; };
		638A5C8523EDFF3900FEF8E0 /* SetupViewController.swift */ = {isa = PBXFileReference; lastKnownFileType = sourcecode.swift; path = SetupViewController.swift; sourceTree = "<group>"; };
		638A5C8623EDFF3900FEF8E0 /* SetupBuilder.swift */ = {isa = PBXFileReference; lastKnownFileType = sourcecode.swift; path = SetupBuilder.swift; sourceTree = "<group>"; };
		638A5C8723EDFF3900FEF8E0 /* SetupViewModel.swift */ = {isa = PBXFileReference; lastKnownFileType = sourcecode.swift; path = SetupViewModel.swift; sourceTree = "<group>"; };
		638A5C9D23EDFFE600FEF8E0 /* Utility.swift */ = {isa = PBXFileReference; lastKnownFileType = sourcecode.swift; path = Utility.swift; sourceTree = "<group>"; };
		638A5C9F23EDFFEE00FEF8E0 /* Constants.swift */ = {isa = PBXFileReference; lastKnownFileType = sourcecode.swift; path = Constants.swift; sourceTree = "<group>"; };
		638A5CA523EE071500FEF8E0 /* BaseUITextfield.swift */ = {isa = PBXFileReference; lastKnownFileType = sourcecode.swift; path = BaseUITextfield.swift; sourceTree = "<group>"; };
		638A5CA723EE079800FEF8E0 /* UIColor+Hex.swift */ = {isa = PBXFileReference; lastKnownFileType = sourcecode.swift; path = "UIColor+Hex.swift"; sourceTree = "<group>"; };
		638A5CA923EE0CC100FEF8E0 /* Enums.swift */ = {isa = PBXFileReference; lastKnownFileType = sourcecode.swift; path = Enums.swift; sourceTree = "<group>"; };
		638A5CAB23EE263600FEF8E0 /* BaseNavigationViewController.swift */ = {isa = PBXFileReference; lastKnownFileType = sourcecode.swift; path = BaseNavigationViewController.swift; sourceTree = "<group>"; };
		638A5CAD23EE321D00FEF8E0 /* UINavigation.swift */ = {isa = PBXFileReference; lastKnownFileType = sourcecode.swift; path = UINavigation.swift; sourceTree = "<group>"; };
		638A5CB023EEE66500FEF8E0 /* Wallet.swift */ = {isa = PBXFileReference; lastKnownFileType = sourcecode.swift; path = Wallet.swift; sourceTree = "<group>"; };
		638A5CB323EF1D4E00FEF8E0 /* QRScannerView.swift */ = {isa = PBXFileReference; lastKnownFileType = sourcecode.swift; path = QRScannerView.swift; sourceTree = "<group>"; };
		6394DCC923F597EF00DB7179 /* BaseRepository.swift */ = {isa = PBXFileReference; lastKnownFileType = sourcecode.swift; path = BaseRepository.swift; sourceTree = "<group>"; };
		6394DCCC23F5990500DB7179 /* BalanceRepo.swift */ = {isa = PBXFileReference; lastKnownFileType = sourcecode.swift; path = BalanceRepo.swift; sourceTree = "<group>"; };
		6394DCCE23F5998000DB7179 /* BalanceRepoImplementation.swift */ = {isa = PBXFileReference; lastKnownFileType = sourcecode.swift; path = BalanceRepoImplementation.swift; sourceTree = "<group>"; };
		6394DCD023F5A5EB00DB7179 /* Balance.swift */ = {isa = PBXFileReference; lastKnownFileType = sourcecode.swift; path = Balance.swift; sourceTree = "<group>"; };
		712F61AEEF0D1521FEAD142A /* Pods_EthSampleApp_EthSampleAppUITests.framework */ = {isa = PBXFileReference; explicitFileType = wrapper.framework; includeInIndex = 0; path = Pods_EthSampleApp_EthSampleAppUITests.framework; sourceTree = BUILT_PRODUCTS_DIR; };
		8E7F7264AA07B23CDF5D88AB /* Pods-EthSampleAppTests.debug.xcconfig */ = {isa = PBXFileReference; includeInIndex = 1; lastKnownFileType = text.xcconfig; name = "Pods-EthSampleAppTests.debug.xcconfig"; path = "Target Support Files/Pods-EthSampleAppTests/Pods-EthSampleAppTests.debug.xcconfig"; sourceTree = "<group>"; };
		961E5F431C87A21D8D7D77E6 /* Pods-EthSampleApp.debug.xcconfig */ = {isa = PBXFileReference; includeInIndex = 1; lastKnownFileType = text.xcconfig; name = "Pods-EthSampleApp.debug.xcconfig"; path = "Target Support Files/Pods-EthSampleApp/Pods-EthSampleApp.debug.xcconfig"; sourceTree = "<group>"; };
		A639876ABA169ABFEE85FCFE /* Pods-EthSampleApp-EthSampleAppUITests.debug.xcconfig */ = {isa = PBXFileReference; includeInIndex = 1; lastKnownFileType = text.xcconfig; name = "Pods-EthSampleApp-EthSampleAppUITests.debug.xcconfig"; path = "Target Support Files/Pods-EthSampleApp-EthSampleAppUITests/Pods-EthSampleApp-EthSampleAppUITests.debug.xcconfig"; sourceTree = "<group>"; };
		B9FC402060EE12342B3C96E0 /* Pods_EthSampleApp.framework */ = {isa = PBXFileReference; explicitFileType = wrapper.framework; includeInIndex = 0; path = Pods_EthSampleApp.framework; sourceTree = BUILT_PRODUCTS_DIR; };
		D06B03447302743C9B9E3A21 /* Pods_EthSampleAppTests.framework */ = {isa = PBXFileReference; explicitFileType = wrapper.framework; includeInIndex = 0; path = Pods_EthSampleAppTests.framework; sourceTree = BUILT_PRODUCTS_DIR; };
		E1612D8C5BE3C8A1D73A4BA6 /* Pods-EthSampleApp-EthSampleAppUITests.release.xcconfig */ = {isa = PBXFileReference; includeInIndex = 1; lastKnownFileType = text.xcconfig; name = "Pods-EthSampleApp-EthSampleAppUITests.release.xcconfig"; path = "Target Support Files/Pods-EthSampleApp-EthSampleAppUITests/Pods-EthSampleApp-EthSampleAppUITests.release.xcconfig"; sourceTree = "<group>"; };
/* End PBXFileReference section */

/* Begin PBXFrameworksBuildPhase section */
		638A5C2523EDF82C00FEF8E0 /* Frameworks */ = {
			isa = PBXFrameworksBuildPhase;
			buildActionMask = 2147483647;
			files = (
				FB359B822DB09815400B8D1C /* Pods_EthSampleApp.framework in Frameworks */,
			);
			runOnlyForDeploymentPostprocessing = 0;
		};
		638A5C3B23EDF82D00FEF8E0 /* Frameworks */ = {
			isa = PBXFrameworksBuildPhase;
			buildActionMask = 2147483647;
			files = (
				8C7791CF7AA67EE0C2071AD6 /* Pods_EthSampleAppTests.framework in Frameworks */,
			);
			runOnlyForDeploymentPostprocessing = 0;
		};
/* End PBXFrameworksBuildPhase section */

/* Begin PBXGroup section */
		12FB6E1586D309D28A6AAA16 /* Pods */ = {
			isa = PBXGroup;
			children = (
				961E5F431C87A21D8D7D77E6 /* Pods-EthSampleApp.debug.xcconfig */,
				0F02C6BAE4A7FAEDF6A1F1EA /* Pods-EthSampleApp.release.xcconfig */,
				A639876ABA169ABFEE85FCFE /* Pods-EthSampleApp-EthSampleAppUITests.debug.xcconfig */,
				E1612D8C5BE3C8A1D73A4BA6 /* Pods-EthSampleApp-EthSampleAppUITests.release.xcconfig */,
				8E7F7264AA07B23CDF5D88AB /* Pods-EthSampleAppTests.debug.xcconfig */,
				4BEA79B9B80792188BCB1B3A /* Pods-EthSampleAppTests.release.xcconfig */,
			);
			path = Pods;
			sourceTree = "<group>";
		};
		6304DB5123F21B1900BB466A /* Stubs */ = {
			isa = PBXGroup;
			children = (
				6304DB6123F21E5E00BB466A /* Stubs.swift */,
			);
			path = Stubs;
			sourceTree = "<group>";
		};
		6304DB5223F21B2200BB466A /* Modules */ = {
			isa = PBXGroup;
			children = (
				6304DB5623F21B4000BB466A /* Signing */,
				6304DB5523F21B3900BB466A /* Account */,
				6304DB5423F21B3500BB466A /* Setup */,
			);
			path = Modules;
			sourceTree = "<group>";
		};
		6304DB5423F21B3500BB466A /* Setup */ = {
			isa = PBXGroup;
			children = (
				6304DB5B23F21B8F00BB466A /* SetupControllerTest.swift */,
				6304DB5D23F21BD500BB466A /* SetupBuilderTest.swift */,
				6304DB5F23F21BE200BB466A /* SetupViewModelTest.swift */,
				6304DB6323F21F2900BB466A /* SetupControllerMock.swift */,
			);
			path = Setup;
			sourceTree = "<group>";
		};
		6304DB5523F21B3900BB466A /* Account */ = {
			isa = PBXGroup;
			children = (
				6304DB6523F2302F00BB466A /* AccountControllerTest.swift */,
				6304DB6723F2303D00BB466A /* AccountBuilerTest.swift */,
				6304DB6923F2304D00BB466A /* AccountViewModelTest.swift */,
				6304DB6B23F2306000BB466A /* AccountControllerMock.swift */,
			);
			path = Account;
			sourceTree = "<group>";
		};
		6304DB5623F21B4000BB466A /* Signing */ = {
			isa = PBXGroup;
			children = (
				6304DB6D23F2307F00BB466A /* SigningControllerTest.swift */,
				6304DB6E23F2307F00BB466A /* SigningBuilderTest.swift */,
				6304DB6F23F2307F00BB466A /* SigningViewModelTest.swift */,
				6304DB7323F2312900BB466A /* SigningControllerMock.swift */,
			);
			path = Signing;
			sourceTree = "<group>";
		};
		638A5C1F23EDF82C00FEF8E0 = {
			isa = PBXGroup;
			children = (
				638A5C2A23EDF82C00FEF8E0 /* EthSampleApp */,
				638A5C4123EDF82D00FEF8E0 /* EthSampleAppTests */,
				638A5C2923EDF82C00FEF8E0 /* Products */,
				12FB6E1586D309D28A6AAA16 /* Pods */,
				B92B1879D0951E9880268E98 /* Frameworks */,
			);
			sourceTree = "<group>";
		};
		638A5C2923EDF82C00FEF8E0 /* Products */ = {
			isa = PBXGroup;
			children = (
				638A5C2823EDF82C00FEF8E0 /* EthSampleApp.app */,
				638A5C3E23EDF82D00FEF8E0 /* EthSampleAppTests.xctest */,
			);
			name = Products;
			sourceTree = "<group>";
		};
		638A5C2A23EDF82C00FEF8E0 /* EthSampleApp */ = {
			isa = PBXGroup;
			children = (
				638A5C5F23EDFE7F00FEF8E0 /* Common */,
				638A5C5E23EDFE4500FEF8E0 /* Resources */,
				638A5C5C23EDFE3500FEF8E0 /* Source */,
			);
			path = EthSampleApp;
			sourceTree = "<group>";
		};
		638A5C4123EDF82D00FEF8E0 /* EthSampleAppTests */ = {
			isa = PBXGroup;
			children = (
				6304DB5223F21B2200BB466A /* Modules */,
				6304DB5123F21B1900BB466A /* Stubs */,
				638A5C4423EDF82D00FEF8E0 /* Info.plist */,
			);
			path = EthSampleAppTests;
			sourceTree = "<group>";
		};
		638A5C5B23EDFE2D00FEF8E0 /* Modules */ = {
			isa = PBXGroup;
			children = (
				638A5CA223EE06F200FEF8E0 /* Base */,
				638A5C6523EDFEE800FEF8E0 /* QRScanner */,
				638A5C6423EDFEDF00FEF8E0 /* Verification */,
				638A5C6323EDFED800FEF8E0 /* Signature */,
				638A5C6223EDFECF00FEF8E0 /* Signing */,
				638A5C6123EDFEC900FEF8E0 /* Account */,
				638A5C6023EDFEC400FEF8E0 /* Setup */,
			);
			path = Modules;
			sourceTree = "<group>";
		};
		638A5C5C23EDFE3500FEF8E0 /* Source */ = {
			isa = PBXGroup;
			children = (
				6394DCC823F597D800DB7179 /* Repository */,
				638A5CAF23EEE65C00FEF8E0 /* Model */,
				638A5C5D23EDFE3900FEF8E0 /* Helper */,
				638A5C5B23EDFE2D00FEF8E0 /* Modules */,
			);
			path = Source;
			sourceTree = "<group>";
		};
		638A5C5D23EDFE3900FEF8E0 /* Helper */ = {
			isa = PBXGroup;
			children = (
				638A5CA123EDFFF700FEF8E0 /* Extensions */,
				638A5C9D23EDFFE600FEF8E0 /* Utility.swift */,
				638A5C9F23EDFFEE00FEF8E0 /* Constants.swift */,
				638A5CA923EE0CC100FEF8E0 /* Enums.swift */,
				638A5CB323EF1D4E00FEF8E0 /* QRScannerView.swift */,
				637CBEB123F0DC24002267E3 /* Alert.swift */,
				637CBEB323F0EEA2002267E3 /* Reachability.swift */,
			);
			path = Helper;
			sourceTree = "<group>";
		};
		638A5C5E23EDFE4500FEF8E0 /* Resources */ = {
			isa = PBXGroup;
			children = (
				638A5C3423EDF82D00FEF8E0 /* Assets.xcassets */,
			);
			path = Resources;
			sourceTree = "<group>";
		};
		638A5C5F23EDFE7F00FEF8E0 /* Common */ = {
			isa = PBXGroup;
			children = (
				638A5C2B23EDF82C00FEF8E0 /* AppDelegate.swift */,
				638A5C2D23EDF82C00FEF8E0 /* SceneDelegate.swift */,
				638A5C3123EDF82C00FEF8E0 /* Main.storyboard */,
				638A5C3923EDF82D00FEF8E0 /* Info.plist */,
				638A5C3623EDF82D00FEF8E0 /* LaunchScreen.storyboard */,
			);
			path = Common;
			sourceTree = "<group>";
		};
		638A5C6023EDFEC400FEF8E0 /* Setup */ = {
			isa = PBXGroup;
			children = (
				638A5C9C23EDFFA300FEF8E0 /* View */,
				638A5C9B23EDFF9E00FEF8E0 /* ViewModel */,
				638A5C9A23EDFF9800FEF8E0 /* Builder */,
			);
			path = Setup;
			sourceTree = "<group>";
		};
		638A5C6123EDFEC900FEF8E0 /* Account */ = {
			isa = PBXGroup;
			children = (
				638A5C9923EDFF9000FEF8E0 /* Builder */,
				638A5C9823EDFF8900FEF8E0 /* ViewModel */,
				638A5C9723EDFF8600FEF8E0 /* View */,
			);
			path = Account;
			sourceTree = "<group>";
		};
		638A5C6223EDFECF00FEF8E0 /* Signing */ = {
			isa = PBXGroup;
			children = (
				638A5C9623EDFF7E00FEF8E0 /* Builder */,
				638A5C9523EDFF7B00FEF8E0 /* View */,
				638A5C7823EDFF1800FEF8E0 /* ViewModel */,
			);
			path = Signing;
			sourceTree = "<group>";
		};
		638A5C6323EDFED800FEF8E0 /* Signature */ = {
			isa = PBXGroup;
			children = (
				638A5C9423EDFF7400FEF8E0 /* Builder */,
				638A5C9323EDFF6F00FEF8E0 /* View */,
				638A5C9223EDFF6700FEF8E0 /* ViewModel */,
			);
			path = Signature;
			sourceTree = "<group>";
		};
		638A5C6423EDFEDF00FEF8E0 /* Verification */ = {
			isa = PBXGroup;
			children = (
				638A5C9123EDFF6100FEF8E0 /* Builder */,
				638A5C9023EDFF5D00FEF8E0 /* ViewModel */,
				638A5C8F23EDFF5A00FEF8E0 /* View */,
			);
			path = Verification;
			sourceTree = "<group>";
		};
		638A5C6523EDFEE800FEF8E0 /* QRScanner */ = {
			isa = PBXGroup;
			children = (
				638A5C8E23EDFF5200FEF8E0 /* View */,
				638A5C8D23EDFF4D00FEF8E0 /* Builder */,
				638A5C8B23EDFF3D00FEF8E0 /* ViewModel */,
			);
			path = QRScanner;
			sourceTree = "<group>";
		};
		638A5C7823EDFF1800FEF8E0 /* ViewModel */ = {
			isa = PBXGroup;
			children = (
				638A5C7B23EDFF2600FEF8E0 /* SigningViewModel.swift */,
			);
			path = ViewModel;
			sourceTree = "<group>";
		};
		638A5C8B23EDFF3D00FEF8E0 /* ViewModel */ = {
			isa = PBXGroup;
			children = (
				638A5C6823EDFEFC00FEF8E0 /* QRScannerViewModel.swift */,
			);
			path = ViewModel;
			sourceTree = "<group>";
		};
		638A5C8D23EDFF4D00FEF8E0 /* Builder */ = {
			isa = PBXGroup;
			children = (
				638A5C6723EDFEFC00FEF8E0 /* QRScannerBuilder.swift */,
			);
			path = Builder;
			sourceTree = "<group>";
		};
		638A5C8E23EDFF5200FEF8E0 /* View */ = {
			isa = PBXGroup;
			children = (
				638A5C6623EDFEFC00FEF8E0 /* QRScannerViewController.swift */,
			);
			path = View;
			sourceTree = "<group>";
		};
		638A5C8F23EDFF5A00FEF8E0 /* View */ = {
			isa = PBXGroup;
			children = (
				638A5C6C23EDFF0D00FEF8E0 /* VerificationViewController.swift */,
			);
			path = View;
			sourceTree = "<group>";
		};
		638A5C9023EDFF5D00FEF8E0 /* ViewModel */ = {
			isa = PBXGroup;
			children = (
				638A5C6E23EDFF0D00FEF8E0 /* VerificationViewModel.swift */,
			);
			path = ViewModel;
			sourceTree = "<group>";
		};
		638A5C9123EDFF6100FEF8E0 /* Builder */ = {
			isa = PBXGroup;
			children = (
				638A5C6D23EDFF0D00FEF8E0 /* VerificationBuilder.swift */,
			);
			path = Builder;
			sourceTree = "<group>";
		};
		638A5C9223EDFF6700FEF8E0 /* ViewModel */ = {
			isa = PBXGroup;
			children = (
				638A5C7423EDFF1500FEF8E0 /* SignatureViewModel.swift */,
			);
			path = ViewModel;
			sourceTree = "<group>";
		};
		638A5C9323EDFF6F00FEF8E0 /* View */ = {
			isa = PBXGroup;
			children = (
				638A5C7223EDFF1500FEF8E0 /* SignatureViewController.swift */,
			);
			path = View;
			sourceTree = "<group>";
		};
		638A5C9423EDFF7400FEF8E0 /* Builder */ = {
			isa = PBXGroup;
			children = (
				638A5C7323EDFF1500FEF8E0 /* SignatureBuilder.swift */,
			);
			path = Builder;
			sourceTree = "<group>";
		};
		638A5C9523EDFF7B00FEF8E0 /* View */ = {
			isa = PBXGroup;
			children = (
				638A5C7923EDFF2600FEF8E0 /* SigningViewController.swift */,
			);
			path = View;
			sourceTree = "<group>";
		};
		638A5C9623EDFF7E00FEF8E0 /* Builder */ = {
			isa = PBXGroup;
			children = (
				638A5C7A23EDFF2600FEF8E0 /* SigningBuilder.swift */,
			);
			path = Builder;
			sourceTree = "<group>";
		};
		638A5C9723EDFF8600FEF8E0 /* View */ = {
			isa = PBXGroup;
			children = (
				638A5C7F23EDFF3000FEF8E0 /* AccountViewController.swift */,
			);
			path = View;
			sourceTree = "<group>";
		};
		638A5C9823EDFF8900FEF8E0 /* ViewModel */ = {
			isa = PBXGroup;
			children = (
				638A5C8123EDFF3000FEF8E0 /* AccountViewModel.swift */,
			);
			path = ViewModel;
			sourceTree = "<group>";
		};
		638A5C9923EDFF9000FEF8E0 /* Builder */ = {
			isa = PBXGroup;
			children = (
				638A5C8023EDFF3000FEF8E0 /* AccountBuilder.swift */,
			);
			path = Builder;
			sourceTree = "<group>";
		};
		638A5C9A23EDFF9800FEF8E0 /* Builder */ = {
			isa = PBXGroup;
			children = (
				638A5C8623EDFF3900FEF8E0 /* SetupBuilder.swift */,
			);
			path = Builder;
			sourceTree = "<group>";
		};
		638A5C9B23EDFF9E00FEF8E0 /* ViewModel */ = {
			isa = PBXGroup;
			children = (
				638A5C8723EDFF3900FEF8E0 /* SetupViewModel.swift */,
			);
			path = ViewModel;
			sourceTree = "<group>";
		};
		638A5C9C23EDFFA300FEF8E0 /* View */ = {
			isa = PBXGroup;
			children = (
				638A5C8523EDFF3900FEF8E0 /* SetupViewController.swift */,
			);
			path = View;
			sourceTree = "<group>";
		};
		638A5CA123EDFFF700FEF8E0 /* Extensions */ = {
			isa = PBXGroup;
			children = (
				638A5CA723EE079800FEF8E0 /* UIColor+Hex.swift */,
				638A5CAD23EE321D00FEF8E0 /* UINavigation.swift */,
			);
			path = Extensions;
			sourceTree = "<group>";
		};
		638A5CA223EE06F200FEF8E0 /* Base */ = {
			isa = PBXGroup;
			children = (
				638A5CA523EE071500FEF8E0 /* BaseUITextfield.swift */,
				638A5CAB23EE263600FEF8E0 /* BaseNavigationViewController.swift */,
			);
			path = Base;
			sourceTree = "<group>";
		};
		638A5CAF23EEE65C00FEF8E0 /* Model */ = {
			isa = PBXGroup;
			children = (
				638A5CB023EEE66500FEF8E0 /* Wallet.swift */,
				6394DCD023F5A5EB00DB7179 /* Balance.swift */,
			);
			path = Model;
			sourceTree = "<group>";
		};
		6394DCC823F597D800DB7179 /* Repository */ = {
			isa = PBXGroup;
			children = (
				6394DCCB23F598FB00DB7179 /* Balance */,
				6394DCC923F597EF00DB7179 /* BaseRepository.swift */,
			);
			path = Repository;
			sourceTree = "<group>";
		};
		6394DCCB23F598FB00DB7179 /* Balance */ = {
			isa = PBXGroup;
			children = (
				6394DCCC23F5990500DB7179 /* BalanceRepo.swift */,
				6394DCCE23F5998000DB7179 /* BalanceRepoImplementation.swift */,
			);
			path = Balance;
			sourceTree = "<group>";
		};
		B92B1879D0951E9880268E98 /* Frameworks */ = {
			isa = PBXGroup;
			children = (
				B9FC402060EE12342B3C96E0 /* Pods_EthSampleApp.framework */,
				712F61AEEF0D1521FEAD142A /* Pods_EthSampleApp_EthSampleAppUITests.framework */,
				D06B03447302743C9B9E3A21 /* Pods_EthSampleAppTests.framework */,
			);
			name = Frameworks;
			sourceTree = "<group>";
		};
/* End PBXGroup section */

/* Begin PBXNativeTarget section */
		638A5C2723EDF82C00FEF8E0 /* EthSampleApp */ = {
			isa = PBXNativeTarget;
			buildConfigurationList = 638A5C5223EDF82D00FEF8E0 /* Build configuration list for PBXNativeTarget "EthSampleApp" */;
			buildPhases = (
				A53C0E4E61AAE041E27E5991 /* [CP] Check Pods Manifest.lock */,
				638A5C2423EDF82C00FEF8E0 /* Sources */,
				638A5C2523EDF82C00FEF8E0 /* Frameworks */,
				638A5C2623EDF82C00FEF8E0 /* Resources */,
				35611B22E5B998BEBE034708 /* [CP] Embed Pods Frameworks */,
			);
			buildRules = (
			);
			dependencies = (
			);
			name = EthSampleApp;
			productName = EthSampleApp;
			productReference = 638A5C2823EDF82C00FEF8E0 /* EthSampleApp.app */;
			productType = "com.apple.product-type.application";
		};
		638A5C3D23EDF82D00FEF8E0 /* EthSampleAppTests */ = {
			isa = PBXNativeTarget;
			buildConfigurationList = 638A5C5523EDF82D00FEF8E0 /* Build configuration list for PBXNativeTarget "EthSampleAppTests" */;
			buildPhases = (
				E6722CB3D1FACCD444C4A815 /* [CP] Check Pods Manifest.lock */,
				638A5C3A23EDF82D00FEF8E0 /* Sources */,
				638A5C3B23EDF82D00FEF8E0 /* Frameworks */,
				638A5C3C23EDF82D00FEF8E0 /* Resources */,
			);
			buildRules = (
			);
			dependencies = (
				638A5C4023EDF82D00FEF8E0 /* PBXTargetDependency */,
			);
			name = EthSampleAppTests;
			productName = EthSampleAppTests;
			productReference = 638A5C3E23EDF82D00FEF8E0 /* EthSampleAppTests.xctest */;
			productType = "com.apple.product-type.bundle.unit-test";
		};
/* End PBXNativeTarget section */

/* Begin PBXProject section */
		638A5C2023EDF82C00FEF8E0 /* Project object */ = {
			isa = PBXProject;
			attributes = {
				LastSwiftUpdateCheck = 1130;
				LastUpgradeCheck = 1130;
				ORGANIZATIONNAME = "Hamza Khan";
				TargetAttributes = {
					638A5C2723EDF82C00FEF8E0 = {
						CreatedOnToolsVersion = 11.3.1;
					};
					638A5C3D23EDF82D00FEF8E0 = {
						CreatedOnToolsVersion = 11.3.1;
						LastSwiftMigration = 1130;
						TestTargetID = 638A5C2723EDF82C00FEF8E0;
					};
				};
			};
			buildConfigurationList = 638A5C2323EDF82C00FEF8E0 /* Build configuration list for PBXProject "EthSampleApp" */;
			compatibilityVersion = "Xcode 9.3";
			developmentRegion = en;
			hasScannedForEncodings = 0;
			knownRegions = (
				en,
				Base,
			);
			mainGroup = 638A5C1F23EDF82C00FEF8E0;
			productRefGroup = 638A5C2923EDF82C00FEF8E0 /* Products */;
			projectDirPath = "";
			projectRoot = "";
			targets = (
				638A5C2723EDF82C00FEF8E0 /* EthSampleApp */,
				638A5C3D23EDF82D00FEF8E0 /* EthSampleAppTests */,
			);
		};
/* End PBXProject section */

/* Begin PBXResourcesBuildPhase section */
		638A5C2623EDF82C00FEF8E0 /* Resources */ = {
			isa = PBXResourcesBuildPhase;
			buildActionMask = 2147483647;
			files = (
				638A5C3823EDF82D00FEF8E0 /* LaunchScreen.storyboard in Resources */,
				638A5C3523EDF82D00FEF8E0 /* Assets.xcassets in Resources */,
				638A5C3323EDF82C00FEF8E0 /* Main.storyboard in Resources */,
			);
			runOnlyForDeploymentPostprocessing = 0;
		};
		638A5C3C23EDF82D00FEF8E0 /* Resources */ = {
			isa = PBXResourcesBuildPhase;
			buildActionMask = 2147483647;
			files = (
			);
			runOnlyForDeploymentPostprocessing = 0;
		};
/* End PBXResourcesBuildPhase section */

/* Begin PBXShellScriptBuildPhase section */
		35611B22E5B998BEBE034708 /* [CP] Embed Pods Frameworks */ = {
			isa = PBXShellScriptBuildPhase;
			buildActionMask = 2147483647;
			files = (
			);
			inputFileListPaths = (
				"${PODS_ROOT}/Target Support Files/Pods-EthSampleApp/Pods-EthSampleApp-frameworks-${CONFIGURATION}-input-files.xcfilelist",
			);
			name = "[CP] Embed Pods Frameworks";
			outputFileListPaths = (
				"${PODS_ROOT}/Target Support Files/Pods-EthSampleApp/Pods-EthSampleApp-frameworks-${CONFIGURATION}-output-files.xcfilelist",
			);
			runOnlyForDeploymentPostprocessing = 0;
			shellPath = /bin/sh;
			shellScript = "\"${PODS_ROOT}/Target Support Files/Pods-EthSampleApp/Pods-EthSampleApp-frameworks.sh\"\n";
			showEnvVarsInLog = 0;
		};
		A53C0E4E61AAE041E27E5991 /* [CP] Check Pods Manifest.lock */ = {
			isa = PBXShellScriptBuildPhase;
			buildActionMask = 2147483647;
			files = (
			);
			inputFileListPaths = (
			);
			inputPaths = (
				"${PODS_PODFILE_DIR_PATH}/Podfile.lock",
				"${PODS_ROOT}/Manifest.lock",
			);
			name = "[CP] Check Pods Manifest.lock";
			outputFileListPaths = (
			);
			outputPaths = (
				"$(DERIVED_FILE_DIR)/Pods-EthSampleApp-checkManifestLockResult.txt",
			);
			runOnlyForDeploymentPostprocessing = 0;
			shellPath = /bin/sh;
			shellScript = "diff \"${PODS_PODFILE_DIR_PATH}/Podfile.lock\" \"${PODS_ROOT}/Manifest.lock\" > /dev/null\nif [ $? != 0 ] ; then\n    # print error to STDERR\n    echo \"error: The sandbox is not in sync with the Podfile.lock. Run 'pod install' or update your CocoaPods installation.\" >&2\n    exit 1\nfi\n# This output is used by Xcode 'outputs' to avoid re-running this script phase.\necho \"SUCCESS\" > \"${SCRIPT_OUTPUT_FILE_0}\"\n";
			showEnvVarsInLog = 0;
		};
		E6722CB3D1FACCD444C4A815 /* [CP] Check Pods Manifest.lock */ = {
			isa = PBXShellScriptBuildPhase;
			buildActionMask = 2147483647;
			files = (
			);
			inputFileListPaths = (
			);
			inputPaths = (
				"${PODS_PODFILE_DIR_PATH}/Podfile.lock",
				"${PODS_ROOT}/Manifest.lock",
			);
			name = "[CP] Check Pods Manifest.lock";
			outputFileListPaths = (
			);
			outputPaths = (
				"$(DERIVED_FILE_DIR)/Pods-EthSampleAppTests-checkManifestLockResult.txt",
			);
			runOnlyForDeploymentPostprocessing = 0;
			shellPath = /bin/sh;
			shellScript = "diff \"${PODS_PODFILE_DIR_PATH}/Podfile.lock\" \"${PODS_ROOT}/Manifest.lock\" > /dev/null\nif [ $? != 0 ] ; then\n    # print error to STDERR\n    echo \"error: The sandbox is not in sync with the Podfile.lock. Run 'pod install' or update your CocoaPods installation.\" >&2\n    exit 1\nfi\n# This output is used by Xcode 'outputs' to avoid re-running this script phase.\necho \"SUCCESS\" > \"${SCRIPT_OUTPUT_FILE_0}\"\n";
			showEnvVarsInLog = 0;
		};
/* End PBXShellScriptBuildPhase section */

/* Begin PBXSourcesBuildPhase section */
		638A5C2423EDF82C00FEF8E0 /* Sources */ = {
			isa = PBXSourcesBuildPhase;
			buildActionMask = 2147483647;
			files = (
				638A5C7D23EDFF2600FEF8E0 /* SigningBuilder.swift in Sources */,
				638A5CAE23EE321D00FEF8E0 /* UINavigation.swift in Sources */,
				638A5CA023EDFFEE00FEF8E0 /* Constants.swift in Sources */,
				638A5CAA23EE0CC100FEF8E0 /* Enums.swift in Sources */,
				638A5C7C23EDFF2600FEF8E0 /* SigningViewController.swift in Sources */,
				638A5C6F23EDFF0D00FEF8E0 /* VerificationViewController.swift in Sources */,
				638A5C8323EDFF3000FEF8E0 /* AccountBuilder.swift in Sources */,
				638A5C7723EDFF1500FEF8E0 /* SignatureViewModel.swift in Sources */,
				638A5CB123EEE66500FEF8E0 /* Wallet.swift in Sources */,
				638A5C7E23EDFF2600FEF8E0 /* SigningViewModel.swift in Sources */,
				6394DCCA23F597EF00DB7179 /* BaseRepository.swift in Sources */,
				638A5C7023EDFF0D00FEF8E0 /* VerificationBuilder.swift in Sources */,
				638A5C6B23EDFEFC00FEF8E0 /* QRScannerViewModel.swift in Sources */,
				638A5CA823EE079800FEF8E0 /* UIColor+Hex.swift in Sources */,
				638A5C8A23EDFF3900FEF8E0 /* SetupViewModel.swift in Sources */,
				638A5C7523EDFF1500FEF8E0 /* SignatureViewController.swift in Sources */,
				638A5CAC23EE263600FEF8E0 /* BaseNavigationViewController.swift in Sources */,
				638A5C8923EDFF3900FEF8E0 /* SetupBuilder.swift in Sources */,
				638A5C7623EDFF1500FEF8E0 /* SignatureBuilder.swift in Sources */,
				637CBEB423F0EEA2002267E3 /* Reachability.swift in Sources */,
				637CBEB223F0DC24002267E3 /* Alert.swift in Sources */,
				638A5C2C23EDF82C00FEF8E0 /* AppDelegate.swift in Sources */,
				638A5C6A23EDFEFC00FEF8E0 /* QRScannerBuilder.swift in Sources */,
				6394DCCD23F5990500DB7179 /* BalanceRepo.swift in Sources */,
				638A5C9E23EDFFE600FEF8E0 /* Utility.swift in Sources */,
				638A5C8223EDFF3000FEF8E0 /* AccountViewController.swift in Sources */,
				6394DCD123F5A5EB00DB7179 /* Balance.swift in Sources */,
				6394DCCF23F5998000DB7179 /* BalanceRepoImplementation.swift in Sources */,
				638A5CA623EE071500FEF8E0 /* BaseUITextfield.swift in Sources */,
				638A5CB423EF1D4E00FEF8E0 /* QRScannerView.swift in Sources */,
				638A5C7123EDFF0D00FEF8E0 /* VerificationViewModel.swift in Sources */,
				638A5C2E23EDF82C00FEF8E0 /* SceneDelegate.swift in Sources */,
				638A5C8423EDFF3000FEF8E0 /* AccountViewModel.swift in Sources */,
				638A5C8823EDFF3900FEF8E0 /* SetupViewController.swift in Sources */,
				638A5C6923EDFEFC00FEF8E0 /* QRScannerViewController.swift in Sources */,
			);
			runOnlyForDeploymentPostprocessing = 0;
		};
		638A5C3A23EDF82D00FEF8E0 /* Sources */ = {
			isa = PBXSourcesBuildPhase;
			buildActionMask = 2147483647;
			files = (
				6304DB7223F2307F00BB466A /* SigningViewModelTest.swift in Sources */,
				6304DB5C23F21B8F00BB466A /* SetupControllerTest.swift in Sources */,
				6304DB7423F2312900BB466A /* SigningControllerMock.swift in Sources */,
				6304DB5E23F21BD500BB466A /* SetupBuilderTest.swift in Sources */,
				6304DB6023F21BE200BB466A /* SetupViewModelTest.swift in Sources */,
				6304DB6C23F2306000BB466A /* AccountControllerMock.swift in Sources */,
				6304DB7123F2307F00BB466A /* SigningBuilderTest.swift in Sources */,
				6304DB6223F21E5E00BB466A /* Stubs.swift in Sources */,
				6304DB6423F21F2900BB466A /* SetupControllerMock.swift in Sources */,
				6304DB7023F2307F00BB466A /* SigningControllerTest.swift in Sources */,
				6304DB6823F2303D00BB466A /* AccountBuilerTest.swift in Sources */,
				6304DB6A23F2304D00BB466A /* AccountViewModelTest.swift in Sources */,
				6304DB6623F2302F00BB466A /* AccountControllerTest.swift in Sources */,
			);
			runOnlyForDeploymentPostprocessing = 0;
		};
/* End PBXSourcesBuildPhase section */

/* Begin PBXTargetDependency section */
		638A5C4023EDF82D00FEF8E0 /* PBXTargetDependency */ = {
			isa = PBXTargetDependency;
			target = 638A5C2723EDF82C00FEF8E0 /* EthSampleApp */;
			targetProxy = 638A5C3F23EDF82D00FEF8E0 /* PBXContainerItemProxy */;
		};
/* End PBXTargetDependency section */

/* Begin PBXVariantGroup section */
		638A5C3123EDF82C00FEF8E0 /* Main.storyboard */ = {
			isa = PBXVariantGroup;
			children = (
				638A5C3223EDF82C00FEF8E0 /* Base */,
			);
			name = Main.storyboard;
			sourceTree = "<group>";
		};
		638A5C3623EDF82D00FEF8E0 /* LaunchScreen.storyboard */ = {
			isa = PBXVariantGroup;
			children = (
				638A5C3723EDF82D00FEF8E0 /* Base */,
			);
			name = LaunchScreen.storyboard;
			sourceTree = "<group>";
		};
/* End PBXVariantGroup section */

/* Begin XCBuildConfiguration section */
		638A5C5023EDF82D00FEF8E0 /* Debug */ = {
			isa = XCBuildConfiguration;
			buildSettings = {
				ALWAYS_SEARCH_USER_PATHS = NO;
				CLANG_ANALYZER_NONNULL = YES;
				CLANG_ANALYZER_NUMBER_OBJECT_CONVERSION = YES_AGGRESSIVE;
				CLANG_CXX_LANGUAGE_STANDARD = "gnu++14";
				CLANG_CXX_LIBRARY = "libc++";
				CLANG_ENABLE_MODULES = YES;
				CLANG_ENABLE_OBJC_ARC = YES;
				CLANG_ENABLE_OBJC_WEAK = YES;
				CLANG_WARN_BLOCK_CAPTURE_AUTORELEASING = YES;
				CLANG_WARN_BOOL_CONVERSION = YES;
				CLANG_WARN_COMMA = YES;
				CLANG_WARN_CONSTANT_CONVERSION = YES;
				CLANG_WARN_DEPRECATED_OBJC_IMPLEMENTATIONS = YES;
				CLANG_WARN_DIRECT_OBJC_ISA_USAGE = YES_ERROR;
				CLANG_WARN_DOCUMENTATION_COMMENTS = YES;
				CLANG_WARN_EMPTY_BODY = YES;
				CLANG_WARN_ENUM_CONVERSION = YES;
				CLANG_WARN_INFINITE_RECURSION = YES;
				CLANG_WARN_INT_CONVERSION = YES;
				CLANG_WARN_NON_LITERAL_NULL_CONVERSION = YES;
				CLANG_WARN_OBJC_IMPLICIT_RETAIN_SELF = YES;
				CLANG_WARN_OBJC_LITERAL_CONVERSION = YES;
				CLANG_WARN_OBJC_ROOT_CLASS = YES_ERROR;
				CLANG_WARN_RANGE_LOOP_ANALYSIS = YES;
				CLANG_WARN_STRICT_PROTOTYPES = YES;
				CLANG_WARN_SUSPICIOUS_MOVE = YES;
				CLANG_WARN_UNGUARDED_AVAILABILITY = YES_AGGRESSIVE;
				CLANG_WARN_UNREACHABLE_CODE = YES;
				CLANG_WARN__DUPLICATE_METHOD_MATCH = YES;
				COPY_PHASE_STRIP = NO;
				DEBUG_INFORMATION_FORMAT = dwarf;
				ENABLE_STRICT_OBJC_MSGSEND = YES;
				ENABLE_TESTABILITY = YES;
				GCC_C_LANGUAGE_STANDARD = gnu11;
				GCC_DYNAMIC_NO_PIC = NO;
				GCC_NO_COMMON_BLOCKS = YES;
				GCC_OPTIMIZATION_LEVEL = 0;
				GCC_PREPROCESSOR_DEFINITIONS = (
					"DEBUG=1",
					"$(inherited)",
				);
				GCC_WARN_64_TO_32_BIT_CONVERSION = YES;
				GCC_WARN_ABOUT_RETURN_TYPE = YES_ERROR;
				GCC_WARN_UNDECLARED_SELECTOR = YES;
				GCC_WARN_UNINITIALIZED_AUTOS = YES_AGGRESSIVE;
				GCC_WARN_UNUSED_FUNCTION = YES;
				GCC_WARN_UNUSED_VARIABLE = YES;
				IPHONEOS_DEPLOYMENT_TARGET = 13.2;
				MTL_ENABLE_DEBUG_INFO = INCLUDE_SOURCE;
				MTL_FAST_MATH = YES;
				ONLY_ACTIVE_ARCH = YES;
				SDKROOT = iphoneos;
				SWIFT_ACTIVE_COMPILATION_CONDITIONS = DEBUG;
				SWIFT_OPTIMIZATION_LEVEL = "-Onone";
			};
			name = Debug;
		};
		638A5C5123EDF82D00FEF8E0 /* Release */ = {
			isa = XCBuildConfiguration;
			buildSettings = {
				ALWAYS_SEARCH_USER_PATHS = NO;
				CLANG_ANALYZER_NONNULL = YES;
				CLANG_ANALYZER_NUMBER_OBJECT_CONVERSION = YES_AGGRESSIVE;
				CLANG_CXX_LANGUAGE_STANDARD = "gnu++14";
				CLANG_CXX_LIBRARY = "libc++";
				CLANG_ENABLE_MODULES = YES;
				CLANG_ENABLE_OBJC_ARC = YES;
				CLANG_ENABLE_OBJC_WEAK = YES;
				CLANG_WARN_BLOCK_CAPTURE_AUTORELEASING = YES;
				CLANG_WARN_BOOL_CONVERSION = YES;
				CLANG_WARN_COMMA = YES;
				CLANG_WARN_CONSTANT_CONVERSION = YES;
				CLANG_WARN_DEPRECATED_OBJC_IMPLEMENTATIONS = YES;
				CLANG_WARN_DIRECT_OBJC_ISA_USAGE = YES_ERROR;
				CLANG_WARN_DOCUMENTATION_COMMENTS = YES;
				CLANG_WARN_EMPTY_BODY = YES;
				CLANG_WARN_ENUM_CONVERSION = YES;
				CLANG_WARN_INFINITE_RECURSION = YES;
				CLANG_WARN_INT_CONVERSION = YES;
				CLANG_WARN_NON_LITERAL_NULL_CONVERSION = YES;
				CLANG_WARN_OBJC_IMPLICIT_RETAIN_SELF = YES;
				CLANG_WARN_OBJC_LITERAL_CONVERSION = YES;
				CLANG_WARN_OBJC_ROOT_CLASS = YES_ERROR;
				CLANG_WARN_RANGE_LOOP_ANALYSIS = YES;
				CLANG_WARN_STRICT_PROTOTYPES = YES;
				CLANG_WARN_SUSPICIOUS_MOVE = YES;
				CLANG_WARN_UNGUARDED_AVAILABILITY = YES_AGGRESSIVE;
				CLANG_WARN_UNREACHABLE_CODE = YES;
				CLANG_WARN__DUPLICATE_METHOD_MATCH = YES;
				COPY_PHASE_STRIP = NO;
				DEBUG_INFORMATION_FORMAT = "dwarf-with-dsym";
				ENABLE_NS_ASSERTIONS = NO;
				ENABLE_STRICT_OBJC_MSGSEND = YES;
				GCC_C_LANGUAGE_STANDARD = gnu11;
				GCC_NO_COMMON_BLOCKS = YES;
				GCC_WARN_64_TO_32_BIT_CONVERSION = YES;
				GCC_WARN_ABOUT_RETURN_TYPE = YES_ERROR;
				GCC_WARN_UNDECLARED_SELECTOR = YES;
				GCC_WARN_UNINITIALIZED_AUTOS = YES_AGGRESSIVE;
				GCC_WARN_UNUSED_FUNCTION = YES;
				GCC_WARN_UNUSED_VARIABLE = YES;
				IPHONEOS_DEPLOYMENT_TARGET = 13.2;
				MTL_ENABLE_DEBUG_INFO = NO;
				MTL_FAST_MATH = YES;
				SDKROOT = iphoneos;
				SWIFT_COMPILATION_MODE = wholemodule;
				SWIFT_OPTIMIZATION_LEVEL = "-O";
				VALIDATE_PRODUCT = YES;
			};
			name = Release;
		};
		638A5C5323EDF82D00FEF8E0 /* Debug */ = {
			isa = XCBuildConfiguration;
			baseConfigurationReference = 961E5F431C87A21D8D7D77E6 /* Pods-EthSampleApp.debug.xcconfig */;
			buildSettings = {
				ASSETCATALOG_COMPILER_APPICON_NAME = AppIcon;
				CODE_SIGN_STYLE = Automatic;
				CURRENT_PROJECT_VERSION = 10;
				DEVELOPMENT_TEAM = 3T95P43B9J;
				INFOPLIST_FILE = EthSampleApp/Common/Info.plist;
				LD_RUNPATH_SEARCH_PATHS = (
					"$(inherited)",
					"@executable_path/Frameworks",
				);
				PRODUCT_BUNDLE_IDENTIFIER = com.roche.test;
				PRODUCT_NAME = "$(TARGET_NAME)";
				SWIFT_VERSION = 5.0;
				TARGETED_DEVICE_FAMILY = 1;
			};
			name = Debug;
		};
		638A5C5423EDF82D00FEF8E0 /* Release */ = {
			isa = XCBuildConfiguration;
			baseConfigurationReference = 0F02C6BAE4A7FAEDF6A1F1EA /* Pods-EthSampleApp.release.xcconfig */;
			buildSettings = {
				ASSETCATALOG_COMPILER_APPICON_NAME = AppIcon;
				CODE_SIGN_STYLE = Automatic;
				CURRENT_PROJECT_VERSION = 10;
				DEVELOPMENT_TEAM = 3T95P43B9J;
				INFOPLIST_FILE = EthSampleApp/Common/Info.plist;
				LD_RUNPATH_SEARCH_PATHS = (
					"$(inherited)",
					"@executable_path/Frameworks",
				);
				PRODUCT_BUNDLE_IDENTIFIER = com.roche.test;
				PRODUCT_NAME = "$(TARGET_NAME)";
				SWIFT_VERSION = 5.0;
				TARGETED_DEVICE_FAMILY = 1;
			};
			name = Release;
		};
		638A5C5623EDF82D00FEF8E0 /* Debug */ = {
			isa = XCBuildConfiguration;
			baseConfigurationReference = 8E7F7264AA07B23CDF5D88AB /* Pods-EthSampleAppTests.debug.xcconfig */;
			buildSettings = {
				ALWAYS_EMBED_SWIFT_STANDARD_LIBRARIES = YES;
				BUNDLE_LOADER = "$(TEST_HOST)";
				CLANG_ENABLE_MODULES = YES;
				CODE_SIGN_STYLE = Automatic;
				INFOPLIST_FILE = EthSampleAppTests/Info.plist;
				IPHONEOS_DEPLOYMENT_TARGET = 13.2;
				LD_RUNPATH_SEARCH_PATHS = (
					"$(inherited)",
					"@executable_path/Frameworks",
					"@loader_path/Frameworks",
				);
				PRODUCT_BUNDLE_IDENTIFIER = com.hmz.EthSampleAppTests;
				PRODUCT_NAME = "$(TARGET_NAME)";
				SWIFT_OPTIMIZATION_LEVEL = "-Onone";
				SWIFT_VERSION = 5.0;
				TARGETED_DEVICE_FAMILY = "1,2";
				TEST_HOST = "$(BUILT_PRODUCTS_DIR)/EthSampleApp.app/EthSampleApp";
			};
			name = Debug;
		};
		638A5C5723EDF82D00FEF8E0 /* Release */ = {
			isa = XCBuildConfiguration;
			baseConfigurationReference = 4BEA79B9B80792188BCB1B3A /* Pods-EthSampleAppTests.release.xcconfig */;
			buildSettings = {
				ALWAYS_EMBED_SWIFT_STANDARD_LIBRARIES = YES;
				BUNDLE_LOADER = "$(TEST_HOST)";
				CLANG_ENABLE_MODULES = YES;
				CODE_SIGN_STYLE = Automatic;
				INFOPLIST_FILE = EthSampleAppTests/Info.plist;
				IPHONEOS_DEPLOYMENT_TARGET = 13.2;
				LD_RUNPATH_SEARCH_PATHS = (
					"$(inherited)",
					"@executable_path/Frameworks",
					"@loader_path/Frameworks",
				);
				PRODUCT_BUNDLE_IDENTIFIER = com.hmz.EthSampleAppTests;
				PRODUCT_NAME = "$(TARGET_NAME)";
				SWIFT_VERSION = 5.0;
				TARGETED_DEVICE_FAMILY = "1,2";
				TEST_HOST = "$(BUILT_PRODUCTS_DIR)/EthSampleApp.app/EthSampleApp";
			};
			name = Release;
		};
/* End XCBuildConfiguration section */

/* Begin XCConfigurationList section */
		638A5C2323EDF82C00FEF8E0 /* Build configuration list for PBXProject "EthSampleApp" */ = {
			isa = XCConfigurationList;
			buildConfigurations = (
				638A5C5023EDF82D00FEF8E0 /* Debug */,
				638A5C5123EDF82D00FEF8E0 /* Release */,
			);
			defaultConfigurationIsVisible = 0;
			defaultConfigurationName = Release;
		};
		638A5C5223EDF82D00FEF8E0 /* Build configuration list for PBXNativeTarget "EthSampleApp" */ = {
			isa = XCConfigurationList;
			buildConfigurations = (
				638A5C5323EDF82D00FEF8E0 /* Debug */,
				638A5C5423EDF82D00FEF8E0 /* Release */,
			);
			defaultConfigurationIsVisible = 0;
			defaultConfigurationName = Release;
		};
		638A5C5523EDF82D00FEF8E0 /* Build configuration list for PBXNativeTarget "EthSampleAppTests" */ = {
			isa = XCConfigurationList;
			buildConfigurations = (
				638A5C5623EDF82D00FEF8E0 /* Debug */,
				638A5C5723EDF82D00FEF8E0 /* Release */,
			);
			defaultConfigurationIsVisible = 0;
			defaultConfigurationName = Release;
		};
/* End XCConfigurationList section */
	};
	rootObject = 638A5C2023EDF82C00FEF8E0 /* Project object */;
}
