<?xml version="1.0" encoding="UTF-8"?>
<Scheme
   LastUpgradeVersion = "1130"
   version = "1.3">
   <BuildAction
      parallelizeBuildables = "YES"
      buildImplicitDependencies = "YES">
      <BuildActionEntries>
         <BuildActionEntry
            buildForTesting = "YES"
            buildForRunning = "YES"
            buildForProfiling = "YES"
            buildForArchiving = "YES"
            buildForAnalyzing = "YES">
            <BuildableReference
               BuildableIdentifier = "primary"
               BlueprintIdentifier = "638A5C2723EDF82C00FEF8E0"
               BuildableName = "EthSampleApp.app"
               BlueprintName = "EthSampleApp"
               ReferencedContainer = "container:EthSampleApp.xcodeproj">
            </BuildableReference>
         </BuildActionEntry>
      </BuildActionEntries>
   </BuildAction>
   <TestAction
      buildConfiguration = "Debug"
      selectedDebuggerIdentifier = "Xcode.DebuggerFoundation.Debugger.LLDB"
      selectedLauncherIdentifier = "Xcode.DebuggerFoundation.Launcher.LLDB"
      shouldUseLaunchSchemeArgsEnv = "YES">
      <Testables>
         <TestableReference
            skipped = "NO">
            <BuildableReference
               BuildableIdentifier = "primary"
               BlueprintIdentifier = "638A5C3D23EDF82D00FEF8E0"
               BuildableName = "EthSampleAppTests.xctest"
               BlueprintName = "EthSampleAppTests"
               ReferencedContainer = "container:EthSampleApp.xcodeproj">
            </BuildableReference>
            <SkippedTests>
               <Test
                  Identifier = "QRScannerBuilderTest">
               </Test>
               <Test
                  Identifier = "QRScannerControllerMock">
               </Test>
               <Test
                  Identifier = "QRScannerControllerTest">
               </Test>
               <Test
                  Identifier = "QRScannerViewModelTest">
               </Test>
               <Test
                  Identifier = "VerificationBuilderTest">
               </Test>
               <Test
                  Identifier = "VerificationControllerMock">
               </Test>
               <Test
                  Identifier = "VerificationControllerTest">
               </Test>
               <Test
                  Identifier = "VerificationViewModelTest">
               </Test>
            </SkippedTests>
         </TestableReference>
         <TestableReference
            skipped = "NO">
            <BuildableReference
               BuildableIdentifier = "primary"
               BlueprintIdentifier = "638A5C4823EDF82D00FEF8E0"
               BuildableName = "EthSampleAppUITests.xctest"
               BlueprintName = "EthSampleAppUITests"
               ReferencedContainer = "container:EthSampleApp.xcodeproj">
            </BuildableReference>
         </TestableReference>
      </Testables>
   </TestAction>
   <LaunchAction
      buildConfiguration = "Debug"
      selectedDebuggerIdentifier = "Xcode.DebuggerFoundation.Debugger.LLDB"
      selectedLauncherIdentifier = "Xcode.DebuggerFoundation.Launcher.LLDB"
      launchStyle = "0"
      useCustomWorkingDirectory = "NO"
      ignoresPersistentStateOnLaunch = "NO"
      debugDocumentVersioning = "YES"
      debugServiceExtension = "internal"
      allowLocationSimulation = "YES">
      <BuildableProductRunnable
         runnableDebuggingMode = "0">
         <BuildableReference
            BuildableIdentifier = "primary"
            BlueprintIdentifier = "638A5C2723EDF82C00FEF8E0"
            BuildableName = "EthSampleApp.app"
            BlueprintName = "EthSampleApp"
            ReferencedContainer = "container:EthSampleApp.xcodeproj">
         </BuildableReference>
      </BuildableProductRunnable>
   </LaunchAction>
   <ProfileAction
      buildConfiguration = "Release"
      shouldUseLaunchSchemeArgsEnv = "YES"
      savedToolIdentifier = ""
      useCustomWorkingDirectory = "NO"
      debugDocumentVersioning = "YES">
      <BuildableProductRunnable
         runnableDebuggingMode = "0">
         <BuildableReference
            BuildableIdentifier = "primary"
            BlueprintIdentifier = "638A5C2723EDF82C00FEF8E0"
            BuildableName = "EthSampleApp.app"
            BlueprintName = "EthSampleApp"
            ReferencedContainer = "container:EthSampleApp.xcodeproj">
         </BuildableReference>
      </BuildableProductRunnable>
   </ProfileAction>
   <AnalyzeAction
      buildConfiguration = "Debug">
   </AnalyzeAction>
   <ArchiveAction
      buildConfiguration = "Release"
      revealArchiveInOrganizer = "YES">
   </ArchiveAction>
</Scheme>
